
Microsoft Visual Studio Solution File, Format Version 12.00
# Visual Studio 15
VisualStudioVersion = 15.0.27130.2010
MinimumVisualStudioVersion = 10.0.40219.1
Project("{FAE04EC0-301F-11D3-BF4B-00C04F79EFBC}") = "Vonk.IdentityServer.Test", "Vonk.IdentityServer.Test\Vonk.IdentityServer.Test.csproj", "{7651F6F0-8EDC-4377-A9E8-226B6A9C3D78}"
EndProject
Global
	GlobalSection(SolutionConfigurationPlatforms) = preSolution
		Debug|Any CPU = Debug|Any CPU
		Release|Any CPU = Release|Any CPU
	EndGlobalSection
	GlobalSection(ProjectConfigurationPlatforms) = postSolution
		{7651F6F0-8EDC-4377-A9E8-226B6A9C3D78}.Debug|Any CPU.ActiveCfg = Debug|Any CPU
		{7651F6F0-8EDC-4377-A9E8-226B6A9C3D78}.Debug|Any CPU.Build.0 = Debug|Any CPU
		{7651F6F0-8EDC-4377-A9E8-226B6A9C3D78}.Release|Any CPU.ActiveCfg = Release|Any CPU
		{7651F6F0-8EDC-4377-A9E8-226B6A9C3D78}.Release|Any CPU.Build.0 = Release|Any CPU
	EndGlobalSection
	GlobalSection(SolutionProperties) = preSolution
		HideSolutionNode = FALSE
	EndGlobalSection
	GlobalSection(ExtensibilityGlobals) = postSolution
		SolutionGuid = {9EFC6458-44AB-4A16-8F82-304EF3B88B58}
	EndGlobalSection
EndGlobal
